
Microsoft Visual Studio Solution File, Format Version 12.00
# Visual Studio Version 17
VisualStudioVersion = 17.9.34902.65
MinimumVisualStudioVersion = 10.0.40219.1
Project("{FAE04EC0-301F-11D3-BF4B-00C04F79EFBC}") = "FactoryMethod1", "FactoryMethod1\FactoryMethod1.csproj", "{0070B3BE-2407-403D-A758-A4B782EA3562}"
EndProject
Global
	GlobalSection(SolutionConfigurationPlatforms) = preSolution
		Debug|Any CPU = Debug|Any CPU
		Release|Any CPU = Release|Any CPU
	EndGlobalSection
	GlobalSection(ProjectConfigurationPlatforms) = postSolution
		{0070B3BE-2407-403D-A758-A4B782EA3562}.Debug|Any CPU.ActiveCfg = Debug|Any CPU
		{0070B3BE-2407-403D-A758-A4B782EA3562}.Debug|Any CPU.Build.0 = Debug|Any CPU
		{0070B3BE-2407-403D-A758-A4B782EA3562}.Release|Any CPU.ActiveCfg = Release|Any CPU
		{0070B3BE-2407-403D-A758-A4B782EA3562}.Release|Any CPU.Build.0 = Release|Any CPU
	EndGlobalSection
	GlobalSection(SolutionProperties) = preSolution
		HideSolutionNode = FALSE
	EndGlobalSection
	GlobalSection(ExtensibilityGlobals) = postSolution
		SolutionGuid = {150DFD2D-E9C5-4146-B2F9-F647BD8CEBA7}
	EndGlobalSection
EndGlobal
