
Microsoft Visual Studio Solution File, Format Version 12.00
# Visual Studio Version 17
VisualStudioVersion = 17.9.34902.65
MinimumVisualStudioVersion = 10.0.40219.1
Project("{FAE04EC0-301F-11D3-BF4B-00C04F79EFBC}") = "AdoNet_SP_AspNetFramework", "AdoNet_SP_AspNetFramework\AdoNet_SP_AspNetFramework.csproj", "{3A4C2C05-9766-469D-9C01-E7EC3A5F24A1}"
EndProject
Global
	GlobalSection(SolutionConfigurationPlatforms) = preSolution
		Debug|Any CPU = Debug|Any CPU
		Release|Any CPU = Release|Any CPU
	EndGlobalSection
	GlobalSection(ProjectConfigurationPlatforms) = postSolution
		{3A4C2C05-9766-469D-9C01-E7EC3A5F24A1}.Debug|Any CPU.ActiveCfg = Debug|Any CPU
		{3A4C2C05-9766-469D-9C01-E7EC3A5F24A1}.Debug|Any CPU.Build.0 = Debug|Any CPU
		{3A4C2C05-9766-469D-9C01-E7EC3A5F24A1}.Release|Any CPU.ActiveCfg = Release|Any CPU
		{3A4C2C05-9766-469D-9C01-E7EC3A5F24A1}.Release|Any CPU.Build.0 = Release|Any CPU
	EndGlobalSection
	GlobalSection(SolutionProperties) = preSolution
		HideSolutionNode = FALSE
	EndGlobalSection
	GlobalSection(ExtensibilityGlobals) = postSolution
		SolutionGuid = {8440B84B-E1E2-4916-A341-C993C3EA8151}
	EndGlobalSection
EndGlobal
