
Microsoft Visual Studio Solution File, Format Version 12.00
# Visual Studio Version 17
VisualStudioVersion = 17.9.34902.65
MinimumVisualStudioVersion = 10.0.40219.1
Project("{FAE04EC0-301F-11D3-BF4B-00C04F79EFBC}") = "DataBinding3", "DataBinding3\DataBinding3.csproj", "{C24CDC32-41AB-40B3-9C01-897C038981BB}"
EndProject
Global
	GlobalSection(SolutionConfigurationPlatforms) = preSolution
		Debug|Any CPU = Debug|Any CPU
		Release|Any CPU = Release|Any CPU
	EndGlobalSection
	GlobalSection(ProjectConfigurationPlatforms) = postSolution
		{C24CDC32-41AB-40B3-9C01-897C038981BB}.Debug|Any CPU.ActiveCfg = Debug|Any CPU
		{C24CDC32-41AB-40B3-9C01-897C038981BB}.Debug|Any CPU.Build.0 = Debug|Any CPU
		{C24CDC32-41AB-40B3-9C01-897C038981BB}.Release|Any CPU.ActiveCfg = Release|Any CPU
		{C24CDC32-41AB-40B3-9C01-897C038981BB}.Release|Any CPU.Build.0 = Release|Any CPU
	EndGlobalSection
	GlobalSection(SolutionProperties) = preSolution
		HideSolutionNode = FALSE
	EndGlobalSection
	GlobalSection(ExtensibilityGlobals) = postSolution
		SolutionGuid = {90FC4D63-7D3D-4C2E-9684-1C0863A11105}
	EndGlobalSection
EndGlobal
