
Microsoft Visual Studio Solution File, Format Version 12.00
# Visual Studio Version 17
VisualStudioVersion = 17.9.34902.65
MinimumVisualStudioVersion = 10.0.40219.1
Project("{FAE04EC0-301F-11D3-BF4B-00C04F79EFBC}") = "DepencyProperties", "DepencyProperties\DepencyProperties.csproj", "{5994BE66-55C4-4742-9251-554724B74002}"
EndProject
Global
	GlobalSection(SolutionConfigurationPlatforms) = preSolution
		Debug|Any CPU = Debug|Any CPU
		Release|Any CPU = Release|Any CPU
	EndGlobalSection
	GlobalSection(ProjectConfigurationPlatforms) = postSolution
		{5994BE66-55C4-4742-9251-554724B74002}.Debug|Any CPU.ActiveCfg = Debug|Any CPU
		{5994BE66-55C4-4742-9251-554724B74002}.Debug|Any CPU.Build.0 = Debug|Any CPU
		{5994BE66-55C4-4742-9251-554724B74002}.Release|Any CPU.ActiveCfg = Release|Any CPU
		{5994BE66-55C4-4742-9251-554724B74002}.Release|Any CPU.Build.0 = Release|Any CPU
	EndGlobalSection
	GlobalSection(SolutionProperties) = preSolution
		HideSolutionNode = FALSE
	EndGlobalSection
	GlobalSection(ExtensibilityGlobals) = postSolution
		SolutionGuid = {264EC7FC-09C9-454A-B510-5201BDE0E635}
	EndGlobalSection
EndGlobal
