
Microsoft Visual Studio Solution File, Format Version 12.00
# Visual Studio Version 17
VisualStudioVersion = 17.9.34902.65
MinimumVisualStudioVersion = 10.0.40219.1
Project("{FAE04EC0-301F-11D3-BF4B-00C04F79EFBC}") = "DIP_Ejercicio1_Before", "DIP_Ejercicio1_Before\DIP_Ejercicio1_Before.csproj", "{C9BEBFAD-502E-4310-BE01-3F2F639A1C37}"
EndProject
Global
	GlobalSection(SolutionConfigurationPlatforms) = preSolution
		Debug|Any CPU = Debug|Any CPU
		Release|Any CPU = Release|Any CPU
	EndGlobalSection
	GlobalSection(ProjectConfigurationPlatforms) = postSolution
		{C9BEBFAD-502E-4310-BE01-3F2F639A1C37}.Debug|Any CPU.ActiveCfg = Debug|Any CPU
		{C9BEBFAD-502E-4310-BE01-3F2F639A1C37}.Debug|Any CPU.Build.0 = Debug|Any CPU
		{C9BEBFAD-502E-4310-BE01-3F2F639A1C37}.Release|Any CPU.ActiveCfg = Release|Any CPU
		{C9BEBFAD-502E-4310-BE01-3F2F639A1C37}.Release|Any CPU.Build.0 = Release|Any CPU
	EndGlobalSection
	GlobalSection(SolutionProperties) = preSolution
		HideSolutionNode = FALSE
	EndGlobalSection
	GlobalSection(ExtensibilityGlobals) = postSolution
		SolutionGuid = {00CB7535-0B4A-456C-8083-FAEF66833E52}
	EndGlobalSection
EndGlobal
