
Microsoft Visual Studio Solution File, Format Version 12.00
# Visual Studio Version 17
VisualStudioVersion = 17.9.34902.65
MinimumVisualStudioVersion = 10.0.40219.1
Project("{FAE04EC0-301F-11D3-BF4B-00C04F79EFBC}") = "LSP_Ejercicio2_Before", "LSP_Ejercicio2_Before\LSP_Ejercicio2_Before.csproj", "{F09DCCFB-7793-4FE5-ADC6-7EA6A3DBAC6C}"
EndProject
Global
	GlobalSection(SolutionConfigurationPlatforms) = preSolution
		Debug|Any CPU = Debug|Any CPU
		Release|Any CPU = Release|Any CPU
	EndGlobalSection
	GlobalSection(ProjectConfigurationPlatforms) = postSolution
		{F09DCCFB-7793-4FE5-ADC6-7EA6A3DBAC6C}.Debug|Any CPU.ActiveCfg = Debug|Any CPU
		{F09DCCFB-7793-4FE5-ADC6-7EA6A3DBAC6C}.Debug|Any CPU.Build.0 = Debug|Any CPU
		{F09DCCFB-7793-4FE5-ADC6-7EA6A3DBAC6C}.Release|Any CPU.ActiveCfg = Release|Any CPU
		{F09DCCFB-7793-4FE5-ADC6-7EA6A3DBAC6C}.Release|Any CPU.Build.0 = Release|Any CPU
	EndGlobalSection
	GlobalSection(SolutionProperties) = preSolution
		HideSolutionNode = FALSE
	EndGlobalSection
	GlobalSection(ExtensibilityGlobals) = postSolution
		SolutionGuid = {8954C5C4-DA65-48F0-8D15-EE516007CF9E}
	EndGlobalSection
EndGlobal
