
Microsoft Visual Studio Solution File, Format Version 12.00
# Visual Studio Version 17
VisualStudioVersion = 17.9.34902.65
MinimumVisualStudioVersion = 10.0.40219.1
Project("{FAE04EC0-301F-11D3-BF4B-00C04F79EFBC}") = "WinFormsApp_Prueba", "WinFormsApp_Prueba\WinFormsApp_Prueba.csproj", "{50DA0610-A62E-45F7-BC4F-64FBD29DB338}"
EndProject
Global
	GlobalSection(SolutionConfigurationPlatforms) = preSolution
		Debug|Any CPU = Debug|Any CPU
		Release|Any CPU = Release|Any CPU
	EndGlobalSection
	GlobalSection(ProjectConfigurationPlatforms) = postSolution
		{50DA0610-A62E-45F7-BC4F-64FBD29DB338}.Debug|Any CPU.ActiveCfg = Debug|Any CPU
		{50DA0610-A62E-45F7-BC4F-64FBD29DB338}.Debug|Any CPU.Build.0 = Debug|Any CPU
		{50DA0610-A62E-45F7-BC4F-64FBD29DB338}.Release|Any CPU.ActiveCfg = Release|Any CPU
		{50DA0610-A62E-45F7-BC4F-64FBD29DB338}.Release|Any CPU.Build.0 = Release|Any CPU
	EndGlobalSection
	GlobalSection(SolutionProperties) = preSolution
		HideSolutionNode = FALSE
	EndGlobalSection
	GlobalSection(ExtensibilityGlobals) = postSolution
		SolutionGuid = {6DEA48C3-12EB-4B41-9EA6-7D4CB3F09393}
	EndGlobalSection
EndGlobal
