
Microsoft Visual Studio Solution File, Format Version 12.00
# Visual Studio Version 17
VisualStudioVersion = 17.9.34902.65
MinimumVisualStudioVersion = 10.0.40219.1
Project("{FAE04EC0-301F-11D3-BF4B-00C04F79EFBC}") = "Bases03", "Bases03\Bases03.csproj", "{346908CD-FF2C-4C75-BBD1-3BE13A16EAD6}"
EndProject
Global
	GlobalSection(SolutionConfigurationPlatforms) = preSolution
		Debug|Any CPU = Debug|Any CPU
		Release|Any CPU = Release|Any CPU
	EndGlobalSection
	GlobalSection(ProjectConfigurationPlatforms) = postSolution
		{346908CD-FF2C-4C75-BBD1-3BE13A16EAD6}.Debug|Any CPU.ActiveCfg = Debug|Any CPU
		{346908CD-FF2C-4C75-BBD1-3BE13A16EAD6}.Debug|Any CPU.Build.0 = Debug|Any CPU
		{346908CD-FF2C-4C75-BBD1-3BE13A16EAD6}.Release|Any CPU.ActiveCfg = Release|Any CPU
		{346908CD-FF2C-4C75-BBD1-3BE13A16EAD6}.Release|Any CPU.Build.0 = Release|Any CPU
	EndGlobalSection
	GlobalSection(SolutionProperties) = preSolution
		HideSolutionNode = FALSE
	EndGlobalSection
	GlobalSection(ExtensibilityGlobals) = postSolution
		SolutionGuid = {72FEDC2A-EB8C-4BC2-882C-81F922899DD6}
	EndGlobalSection
EndGlobal
