
Microsoft Visual Studio Solution File, Format Version 12.00
# Visual Studio Version 17
VisualStudioVersion = 17.9.34902.65
MinimumVisualStudioVersion = 10.0.40219.1
Project("{FAE04EC0-301F-11D3-BF4B-00C04F79EFBC}") = "WPF_SeleccionMultiple", "WPF_SeleccionMultiple\WPF_SeleccionMultiple.csproj", "{C4304A32-2B32-416C-83AC-C8800713D970}"
EndProject
Global
	GlobalSection(SolutionConfigurationPlatforms) = preSolution
		Debug|Any CPU = Debug|Any CPU
		Release|Any CPU = Release|Any CPU
	EndGlobalSection
	GlobalSection(ProjectConfigurationPlatforms) = postSolution
		{C4304A32-2B32-416C-83AC-C8800713D970}.Debug|Any CPU.ActiveCfg = Debug|Any CPU
		{C4304A32-2B32-416C-83AC-C8800713D970}.Debug|Any CPU.Build.0 = Debug|Any CPU
		{C4304A32-2B32-416C-83AC-C8800713D970}.Release|Any CPU.ActiveCfg = Release|Any CPU
		{C4304A32-2B32-416C-83AC-C8800713D970}.Release|Any CPU.Build.0 = Release|Any CPU
	EndGlobalSection
	GlobalSection(SolutionProperties) = preSolution
		HideSolutionNode = FALSE
	EndGlobalSection
	GlobalSection(ExtensibilityGlobals) = postSolution
		SolutionGuid = {7E2EC018-E639-48FB-970D-BF253550F31E}
	EndGlobalSection
EndGlobal
