
Microsoft Visual Studio Solution File, Format Version 12.00
# Visual Studio Version 17
VisualStudioVersion = 17.9.34902.65
MinimumVisualStudioVersion = 10.0.40219.1
Project("{FAE04EC0-301F-11D3-BF4B-00C04F79EFBC}") = "Singleton_Before", "Singleton_Before\Singleton_Before.csproj", "{59A97F54-FC08-4052-B179-755C8380AC18}"
EndProject
Project("{FAE04EC0-301F-11D3-BF4B-00C04F79EFBC}") = "UnitTestProject1", "UnitTestProject1\UnitTestProject1.csproj", "{F8C50A48-1B8F-48BB-8FAB-414AC2ED5822}"
EndProject
Global
	GlobalSection(SolutionConfigurationPlatforms) = preSolution
		Debug|Any CPU = Debug|Any CPU
		Release|Any CPU = Release|Any CPU
	EndGlobalSection
	GlobalSection(ProjectConfigurationPlatforms) = postSolution
		{59A97F54-FC08-4052-B179-755C8380AC18}.Debug|Any CPU.ActiveCfg = Debug|Any CPU
		{59A97F54-FC08-4052-B179-755C8380AC18}.Debug|Any CPU.Build.0 = Debug|Any CPU
		{59A97F54-FC08-4052-B179-755C8380AC18}.Release|Any CPU.ActiveCfg = Release|Any CPU
		{59A97F54-FC08-4052-B179-755C8380AC18}.Release|Any CPU.Build.0 = Release|Any CPU
		{F8C50A48-1B8F-48BB-8FAB-414AC2ED5822}.Debug|Any CPU.ActiveCfg = Debug|Any CPU
		{F8C50A48-1B8F-48BB-8FAB-414AC2ED5822}.Debug|Any CPU.Build.0 = Debug|Any CPU
		{F8C50A48-1B8F-48BB-8FAB-414AC2ED5822}.Release|Any CPU.ActiveCfg = Release|Any CPU
		{F8C50A48-1B8F-48BB-8FAB-414AC2ED5822}.Release|Any CPU.Build.0 = Release|Any CPU
	EndGlobalSection
	GlobalSection(SolutionProperties) = preSolution
		HideSolutionNode = FALSE
	EndGlobalSection
	GlobalSection(ExtensibilityGlobals) = postSolution
		SolutionGuid = {51F8E59A-DEA9-47C6-BB2B-2E6298E967CC}
	EndGlobalSection
EndGlobal
