
Microsoft Visual Studio Solution File, Format Version 12.00
# Visual Studio Version 17
VisualStudioVersion = 17.11.35312.102
MinimumVisualStudioVersion = 10.0.40219.1
Project("{FAE04EC0-301F-11D3-BF4B-00C04F79EFBC}") = "ASPNetCore_Identity", "ASPNetCore_Identity\ASPNetCore_Identity.csproj", "{AECCBA7B-BD3F-463C-8737-F207DBFD709B}"
EndProject
Project("{FAE04EC0-301F-11D3-BF4B-00C04F79EFBC}") = "SearchClassLibrary", "SearchClassLibrary\SearchClassLibrary.csproj", "{AFEAECEB-0C44-42F7-B789-BD1EF99B5903}"
EndProject
Global
	GlobalSection(SolutionConfigurationPlatforms) = preSolution
		Debug|Any CPU = Debug|Any CPU
		Release|Any CPU = Release|Any CPU
	EndGlobalSection
	GlobalSection(ProjectConfigurationPlatforms) = postSolution
		{AECCBA7B-BD3F-463C-8737-F207DBFD709B}.Debug|Any CPU.ActiveCfg = Debug|Any CPU
		{AECCBA7B-BD3F-463C-8737-F207DBFD709B}.Debug|Any CPU.Build.0 = Debug|Any CPU
		{AECCBA7B-BD3F-463C-8737-F207DBFD709B}.Release|Any CPU.ActiveCfg = Release|Any CPU
		{AECCBA7B-BD3F-463C-8737-F207DBFD709B}.Release|Any CPU.Build.0 = Release|Any CPU
		{AFEAECEB-0C44-42F7-B789-BD1EF99B5903}.Debug|Any CPU.ActiveCfg = Debug|Any CPU
		{AFEAECEB-0C44-42F7-B789-BD1EF99B5903}.Debug|Any CPU.Build.0 = Debug|Any CPU
		{AFEAECEB-0C44-42F7-B789-BD1EF99B5903}.Release|Any CPU.ActiveCfg = Release|Any CPU
		{AFEAECEB-0C44-42F7-B789-BD1EF99B5903}.Release|Any CPU.Build.0 = Release|Any CPU
	EndGlobalSection
	GlobalSection(SolutionProperties) = preSolution
		HideSolutionNode = FALSE
	EndGlobalSection
	GlobalSection(ExtensibilityGlobals) = postSolution
		SolutionGuid = {A990F303-2F1F-410C-A1BB-6435B15EABA2}
	EndGlobalSection
EndGlobal
